
Microsoft Visual Studio Solution File, Format Version 12.00
# Visual Studio 15
VisualStudioVersion = 15.0.26730.16
MinimumVisualStudioVersion = 10.0.40219.1
Project("{FAE04EC0-301F-11D3-BF4B-00C04F79EFBC}") = "CameraTest", "CameraTest\CameraTest.csproj", "{2A942411-7E93-4BD6-99CD-05C4F05A631E}"
EndProject
Global
	GlobalSection(SolutionConfigurationPlatforms) = preSolution
		Debug|Any CPU = Debug|Any CPU
		Release|Any CPU = Release|Any CPU
	EndGlobalSection
	GlobalSection(ProjectConfigurationPlatforms) = postSolution
		{2A942411-7E93-4BD6-99CD-05C4F05A631E}.Debug|Any CPU.ActiveCfg = Debug|Any CPU
		{2A942411-7E93-4BD6-99CD-05C4F05A631E}.Debug|Any CPU.Build.0 = Debug|Any CPU
		{2A942411-7E93-4BD6-99CD-05C4F05A631E}.Release|Any CPU.ActiveCfg = Release|Any CPU
		{2A942411-7E93-4BD6-99CD-05C4F05A631E}.Release|Any CPU.Build.0 = Release|Any CPU
	EndGlobalSection
	GlobalSection(SolutionProperties) = preSolution
		HideSolutionNode = FALSE
	EndGlobalSection
	GlobalSection(ExtensibilityGlobals) = postSolution
		SolutionGuid = {DA9126FC-221C-40F4-9536-2E80D678BEE7}
	EndGlobalSection
EndGlobal
